
Microsoft Visual Studio Solution File, Format Version 12.00
# Visual Studio Version 16
VisualStudioVersion = 16.0.31005.135
MinimumVisualStudioVersion = 10.0.40219.1
Project("{FAE04EC0-301F-11D3-BF4B-00C04F79EFBC}") = "FeetFreeze", "FeetFreeze.csproj", "{DAC02F18-5AA9-4745-A4DF-C771AE883AAA}"
EndProject
Global
	GlobalSection(SolutionConfigurationPlatforms) = preSolution
		Debug|Any CPU = Debug|Any CPU
		Release|Any CPU = Release|Any CPU
	EndGlobalSection
	GlobalSection(ProjectConfigurationPlatforms) = postSolution
		{DAC02F18-5AA9-4745-A4DF-C771AE883AAA}.Debug|Any CPU.ActiveCfg = Debug|Any CPU
		{DAC02F18-5AA9-4745-A4DF-C771AE883AAA}.Debug|Any CPU.Build.0 = Debug|Any CPU
		{DAC02F18-5AA9-4745-A4DF-C771AE883AAA}.Release|Any CPU.ActiveCfg = Release|Any CPU
		{DAC02F18-5AA9-4745-A4DF-C771AE883AAA}.Release|Any CPU.Build.0 = Release|Any CPU
	EndGlobalSection
	GlobalSection(SolutionProperties) = preSolution
		HideSolutionNode = FALSE
	EndGlobalSection
	GlobalSection(ExtensibilityGlobals) = postSolution
		SolutionGuid = {B9D120EC-2FDF-4344-811A-DBBA1991CA90}
	EndGlobalSection
EndGlobal
